// !$*UTF8*$!
{
	archiveVersion = 1;
	classes = {
	};
	objectVersion = 56;
	objects = {

/* Begin PBXBuildFile section */
		FC27B45F2E6755F10011EED0 /* MyRideApp.swift in Sources */ = {isa = PBXBuildFile; fileRef = FC27B45E2E6755F10011EED0 /* MyRideApp.swift */; };
		FC27B4612E6755F10011EED0 /* ContentView.swift in Sources */ = {isa = PBXBuildFile; fileRef = FC27B4602E6755F10011EED0 /* ContentView.swift */; };
		FC27B4632E6755F20011EED0 /* Assets.xcassets in Resources */ = {isa = PBXBuildFile; fileRef = FC27B4622E6755F20011EED0 /* Assets.xcassets */; };
		FC27B4662E6755F20011EED0 /* Preview Assets.xcassets in Resources */ = {isa = PBXBuildFile; fileRef = FC27B4652E6755F20011EED0 /* Preview Assets.xcassets */; };
		FC27B4702E6755F20011EED0 /* MyRideTests.swift in Sources */ = {isa = PBXBuildFile; fileRef = FC27B46F2E6755F20011EED0 /* MyRideTests.swift */; };
		FC27B47A2E6755F20011EED0 /* MyRideUITests.swift in Sources */ = {isa = PBXBuildFile; fileRef = FC27B4792E6755F20011EED0 /* MyRideUITests.swift */; };
		FC27B47C2E6755F20011EED0 /* MyRideUITestsLaunchTests.swift in Sources */ = {isa = PBXBuildFile; fileRef = FC27B47B2E6755F20011EED0 /* MyRideUITestsLaunchTests.swift */; };
/* End PBXBuildFile section */

/* Begin PBXContainerItemProxy section */
		FC27B46C2E6755F20011EED0 /* PBXContainerItemProxy */ = {
			isa = PBXContainerItemProxy;
			containerPortal = FC27B4532E6755F10011EED0 /* Project object */;
			proxyType = 1;
			remoteGlobalIDString = FC27B45A2E6755F10011EED0;
			remoteInfo = MyRide;
		};
		FC27B4762E6755F20011EED0 /* PBXContainerItemProxy */ = {
			isa = PBXContainerItemProxy;
			containerPortal = FC27B4532E6755F10011EED0 /* Project object */;
			proxyType = 1;
			remoteGlobalIDString = FC27B45A2E6755F10011EED0;
			remoteInfo = MyRide;
		};
/* End PBXContainerItemProxy section */

/* Begin PBXFileReference section */
		FC27B45B2E6755F10011EED0 /* MyRide.app */ = {isa = PBXFileReference; explicitFileType = wrapper.application; includeInIndex = 0; path = MyRide.app; sourceTree = BUILT_PRODUCTS_DIR; };
		FC27B45E2E6755F10011EED0 /* MyRideApp.swift */ = {isa = PBXFileReference; lastKnownFileType = sourcecode.swift; path = MyRideApp.swift; sourceTree = "<group>"; };
		FC27B4602E6755F10011EED0 /* ContentView.swift */ = {isa = PBXFileReference; lastKnownFileType = sourcecode.swift; path = ContentView.swift; sourceTree = "<group>"; };
		FC27B4622E6755F20011EED0 /* Assets.xcassets */ = {isa = PBXFileReference; lastKnownFileType = folder.assetcatalog; path = Assets.xcassets; sourceTree = "<group>"; };
		FC27B4652E6755F20011EED0 /* Preview Assets.xcassets */ = {isa = PBXFileReference; lastKnownFileType = folder.assetcatalog; path = "Preview Assets.xcassets"; sourceTree = "<group>"; };
		FC27B46B2E6755F20011EED0 /* MyRideTests.xctest */ = {isa = PBXFileReference; explicitFileType = wrapper.cfbundle; includeInIndex = 0; path = MyRideTests.xctest; sourceTree = BUILT_PRODUCTS_DIR; };
		FC27B46F2E6755F20011EED0 /* MyRideTests.swift */ = {isa = PBXFileReference; lastKnownFileType = sourcecode.swift; path = MyRideTests.swift; sourceTree = "<group>"; };
		FC27B4752E6755F20011EED0 /* MyRideUITests.xctest */ = {isa = PBXFileReference; explicitFileType = wrapper.cfbundle; includeInIndex = 0; path = MyRideUITests.xctest; sourceTree = BUILT_PRODUCTS_DIR; };
		FC27B4792E6755F20011EED0 /* MyRideUITests.swift */ = {isa = PBXFileReference; lastKnownFileType = sourcecode.swift; path = MyRideUITests.swift; sourceTree = "<group>"; };
		FC27B47B2E6755F20011EED0 /* MyRideUITestsLaunchTests.swift */ = {isa = PBXFileReference; lastKnownFileType = sourcecode.swift; path = MyRideUITestsLaunchTests.swift; sourceTree = "<group>"; };
/* End PBXFileReference section */

/* Begin PBXFrameworksBuildPhase section */
		FC27B4582E6755F10011EED0 /* Frameworks */ = {
			isa = PBXFrameworksBuildPhase;
			buildActionMask = 2147483647;
			files = (
			);
			runOnlyForDeploymentPostprocessing = 0;
		};
		FC27B4682E6755F20011EED0 /* Frameworks */ = {
			isa = PBXFrameworksBuildPhase;
			buildActionMask = 2147483647;
			files = (
			);
			runOnlyForDeploymentPostprocessing = 0;
		};
		FC27B4722E6755F20011EED0 /* Frameworks */ = {
			isa = PBXFrameworksBuildPhase;
			buildActionMask = 2147483647;
			files = (
			);
			runOnlyForDeploymentPostprocessing = 0;
		};
/* End PBXFrameworksBuildPhase section */

/* Begin PBXGroup section */
		FC27B4522E6755F10011EED0 = {
			isa = PBXGroup;
			children = (
				FC27B45D2E6755F10011EED0 /* MyRide */,
				FC27B46E2E6755F20011EED0 /* MyRideTests */,
				FC27B4782E6755F20011EED0 /* MyRideUITests */,
				FC27B45C2E6755F10011EED0 /* Products */,
			);
			sourceTree = "<group>";
		};
		FC27B45C2E6755F10011EED0 /* Products */ = {
			isa = PBXGroup;
			children = (
				FC27B45B2E6755F10011EED0 /* MyRide.app */,
				FC27B46B2E6755F20011EED0 /* MyRideTests.xctest */,
				FC27B4752E6755F20011EED0 /* MyRideUITests.xctest */,
			);
			name = Products;
			sourceTree = "<group>";
		};
		FC27B45D2E6755F10011EED0 /* MyRide */ = {
			isa = PBXGroup;
			children = (
				FC27B45E2E6755F10011EED0 /* MyRideApp.swift */,
				FC27B4602E6755F10011EED0 /* ContentView.swift */,
				FC27B4622E6755F20011EED0 /* Assets.xcassets */,
				FC27B4642E6755F20011EED0 /* Preview Content */,
			);
			path = MyRide;
			sourceTree = "<group>";
		};
		FC27B4642E6755F20011EED0 /* Preview Content */ = {
			isa = PBXGroup;
			children = (
				FC27B4652E6755F20011EED0 /* Preview Assets.xcassets */,
			);
			path = "Preview Content";
			sourceTree = "<group>";
		};
		FC27B46E2E6755F20011EED0 /* MyRideTests */ = {
			isa = PBXGroup;
			children = (
				FC27B46F2E6755F20011EED0 /* MyRideTests.swift */,
			);
			path = MyRideTests;
			sourceTree = "<group>";
		};
		FC27B4782E6755F20011EED0 /* MyRideUITests */ = {
			isa = PBXGroup;
			children = (
				FC27B4792E6755F20011EED0 /* MyRideUITests.swift */,
				FC27B47B2E6755F20011EED0 /* MyRideUITestsLaunchTests.swift */,
			);
			path = MyRideUITests;
			sourceTree = "<group>";
		};
/* End PBXGroup section */

/* Begin PBXNativeTarget section */
		FC27B45A2E6755F10011EED0 /* MyRide */ = {
			isa = PBXNativeTarget;
			buildConfigurationList = FC27B47F2E6755F20011EED0 /* Build configuration list for PBXNativeTarget "MyRide" */;
			buildPhases = (
				FC27B4572E6755F10011EED0 /* Sources */,
				FC27B4582E6755F10011EED0 /* Frameworks */,
				FC27B4592E6755F10011EED0 /* Resources */,
			);
			buildRules = (
			);
			dependencies = (
			);
			name = MyRide;
			productName = MyRide;
			productReference = FC27B45B2E6755F10011EED0 /* MyRide.app */;
			productType = "com.apple.product-type.application";
		};
		FC27B46A2E6755F20011EED0 /* MyRideTests */ = {
			isa = PBXNativeTarget;
			buildConfigurationList = FC27B4822E6755F20011EED0 /* Build configuration list for PBXNativeTarget "MyRideTests" */;
			buildPhases = (
				FC27B4672E6755F20011EED0 /* Sources */,
				FC27B4682E6755F20011EED0 /* Frameworks */,
				FC27B4692E6755F20011EED0 /* Resources */,
			);
			buildRules = (
			);
			dependencies = (
				FC27B46D2E6755F20011EED0 /* PBXTargetDependency */,
			);
			name = MyRideTests;
			productName = MyRideTests;
			productReference = FC27B46B2E6755F20011EED0 /* MyRideTests.xctest */;
			productType = "com.apple.product-type.bundle.unit-test";
		};
		FC27B4742E6755F20011EED0 /* MyRideUITests */ = {
			isa = PBXNativeTarget;
			buildConfigurationList = FC27B4852E6755F20011EED0 /* Build configuration list for PBXNativeTarget "MyRideUITests" */;
			buildPhases = (
				FC27B4712E6755F20011EED0 /* Sources */,
				FC27B4722E6755F20011EED0 /* Frameworks */,
				FC27B4732E6755F20011EED0 /* Resources */,
			);
			buildRules = (
			);
			dependencies = (
				FC27B4772E6755F20011EED0 /* PBXTargetDependency */,
			);
			name = MyRideUITests;
			productName = MyRideUITests;
			productReference = FC27B4752E6755F20011EED0 /* MyRideUITests.xctest */;
			productType = "com.apple.product-type.bundle.ui-testing";
		};
/* End PBXNativeTarget section */

/* Begin PBXProject section */
		FC27B4532E6755F10011EED0 /* Project object */ = {
			isa = PBXProject;
			attributes = {
				BuildIndependentTargetsInParallel = 1;
				LastSwiftUpdateCheck = 1510;
				LastUpgradeCheck = 1510;
				TargetAttributes = {
					FC27B45A2E6755F10011EED0 = {
						CreatedOnToolsVersion = 15.1;
					};
					FC27B46A2E6755F20011EED0 = {
						CreatedOnToolsVersion = 15.1;
						TestTargetID = FC27B45A2E6755F10011EED0;
					};
					FC27B4742E6755F20011EED0 = {
						CreatedOnToolsVersion = 15.1;
						TestTargetID = FC27B45A2E6755F10011EED0;
					};
				};
			};
			buildConfigurationList = FC27B4562E6755F10011EED0 /* Build configuration list for PBXProject "MyRide" */;
			compatibilityVersion = "Xcode 14.0";
			developmentRegion = en;
			hasScannedForEncodings = 0;
			knownRegions = (
				en,
				Base,
			);
			mainGroup = FC27B4522E6755F10011EED0;
			productRefGroup = FC27B45C2E6755F10011EED0 /* Products */;
			projectDirPath = "";
			projectRoot = "";
			targets = (
				FC27B45A2E6755F10011EED0 /* MyRide */,
				FC27B46A2E6755F20011EED0 /* MyRideTests */,
				FC27B4742E6755F20011EED0 /* MyRideUITests */,
			);
		};
/* End PBXProject section */

/* Begin PBXResourcesBuildPhase section */
		FC27B4592E6755F10011EED0 /* Resources */ = {
			isa = PBXResourcesBuildPhase;
			buildActionMask = 2147483647;
			files = (
				FC27B4662E6755F20011EED0 /* Preview Assets.xcassets in Resources */,
				FC27B4632E6755F20011EED0 /* Assets.xcassets in Resources */,
			);
			runOnlyForDeploymentPostprocessing = 0;
		};
		FC27B4692E6755F20011EED0 /* Resources */ = {
			isa = PBXResourcesBuildPhase;
			buildActionMask = 2147483647;
			files = (
			);
			runOnlyForDeploymentPostprocessing = 0;
		};
		FC27B4732E6755F20011EED0 /* Resources */ = {
			isa = PBXResourcesBuildPhase;
			buildActionMask = 2147483647;
			files = (
			);
			runOnlyForDeploymentPostprocessing = 0;
		};
/* End PBXResourcesBuildPhase section */

/* Begin PBXSourcesBuildPhase section */
		FC27B4572E6755F10011EED0 /* Sources */ = {
			isa = PBXSourcesBuildPhase;
			buildActionMask = 2147483647;
			files = (
				FC27B4612E6755F10011EED0 /* ContentView.swift in Sources */,
				FC27B45F2E6755F10011EED0 /* MyRideApp.swift in Sources */,
			);
			runOnlyForDeploymentPostprocessing = 0;
		};
		FC27B4672E6755F20011EED0 /* Sources */ = {
			isa = PBXSourcesBuildPhase;
			buildActionMask = 2147483647;
			files = (
				FC27B4702E6755F20011EED0 /* MyRideTests.swift in Sources */,
			);
			runOnlyForDeploymentPostprocessing = 0;
		};
		FC27B4712E6755F20011EED0 /* Sources */ = {
			isa = PBXSourcesBuildPhase;
			buildActionMask = 2147483647;
			files = (
				FC27B47C2E6755F20011EED0 /* MyRideUITestsLaunchTests.swift in Sources */,
				FC27B47A2E6755F20011EED0 /* MyRideUITests.swift in Sources */,
			);
			runOnlyForDeploymentPostprocessing = 0;
		};
/* End PBXSourcesBuildPhase section */

/* Begin PBXTargetDependency section */
		FC27B46D2E6755F20011EED0 /* PBXTargetDependency */ = {
			isa = PBXTargetDependency;
			target = FC27B45A2E6755F10011EED0 /* MyRide */;
			targetProxy = FC27B46C2E6755F20011EED0 /* PBXContainerItemProxy */;
		};
		FC27B4772E6755F20011EED0 /* PBXTargetDependency */ = {
			isa = PBXTargetDependency;
			target = FC27B45A2E6755F10011EED0 /* MyRide */;
			targetProxy = FC27B4762E6755F20011EED0 /* PBXContainerItemProxy */;
		};
/* End PBXTargetDependency section */

/* Begin XCBuildConfiguration section */
		FC27B47D2E6755F20011EED0 /* Debug */ = {
			isa = XCBuildConfiguration;
			buildSettings = {
				ALWAYS_SEARCH_USER_PATHS = NO;
				ASSETCATALOG_COMPILER_GENERATE_SWIFT_ASSET_SYMBOL_EXTENSIONS = YES;
				CLANG_ANALYZER_NONNULL = YES;
				CLANG_ANALYZER_NUMBER_OBJECT_CONVERSION = YES_AGGRESSIVE;
				CLANG_CXX_LANGUAGE_STANDARD = "gnu++20";
				CLANG_ENABLE_MODULES = YES;
				CLANG_ENABLE_OBJC_ARC = YES;
				CLANG_ENABLE_OBJC_WEAK = YES;
				CLANG_WARN_BLOCK_CAPTURE_AUTORELEASING = YES;
				CLANG_WARN_BOOL_CONVERSION = YES;
				CLANG_WARN_COMMA = YES;
				CLANG_WARN_CONSTANT_CONVERSION = YES;
				CLANG_WARN_DEPRECATED_OBJC_IMPLEMENTATIONS = YES;
				CLANG_WARN_DIRECT_OBJC_ISA_USAGE = YES_ERROR;
				CLANG_WARN_DOCUMENTATION_COMMENTS = YES;
				CLANG_WARN_EMPTY_BODY = YES;
				CLANG_WARN_ENUM_CONVERSION = YES;
				CLANG_WARN_INFINITE_RECURSION = YES;
				CLANG_WARN_INT_CONVERSION = YES;
				CLANG_WARN_NON_LITERAL_NULL_CONVERSION = YES;
				CLANG_WARN_OBJC_IMPLICIT_RETAIN_SELF = YES;
				CLANG_WARN_OBJC_LITERAL_CONVERSION = YES;
				CLANG_WARN_OBJC_ROOT_CLASS = YES_ERROR;
				CLANG_WARN_QUOTED_INCLUDE_IN_FRAMEWORK_HEADER = YES;
				CLANG_WARN_RANGE_LOOP_ANALYSIS = YES;
				CLANG_WARN_STRICT_PROTOTYPES = YES;
				CLANG_WARN_SUSPICIOUS_MOVE = YES;
				CLANG_WARN_UNGUARDED_AVAILABILITY = YES_AGGRESSIVE;
				CLANG_WARN_UNREACHABLE_CODE = YES;
				CLANG_WARN__DUPLICATE_METHOD_MATCH = YES;
				COPY_PHASE_STRIP = NO;
				DEBUG_INFORMATION_FORMAT = dwarf;
				ENABLE_STRICT_OBJC_MSGSEND = YES;
				ENABLE_TESTABILITY = YES;
				ENABLE_USER_SCRIPT_SANDBOXING = YES;
				GCC_C_LANGUAGE_STANDARD = gnu17;
				GCC_DYNAMIC_NO_PIC = NO;
				GCC_NO_COMMON_BLOCKS = YES;
				GCC_OPTIMIZATION_LEVEL = 0;
				GCC_PREPROCESSOR_DEFINITIONS = (
					"DEBUG=1",
					"$(inherited)",
				);
				GCC_WARN_64_TO_32_BIT_CONVERSION = YES;
				GCC_WARN_ABOUT_RETURN_TYPE = YES_ERROR;
				GCC_WARN_UNDECLARED_SELECTOR = YES;
				GCC_WARN_UNINITIALIZED_AUTOS = YES_AGGRESSIVE;
				GCC_WARN_UNUSED_FUNCTION = YES;
				GCC_WARN_UNUSED_VARIABLE = YES;
				IPHONEOS_DEPLOYMENT_TARGET = 17.2;
				LOCALIZATION_PREFERS_STRING_CATALOGS = YES;
				MTL_ENABLE_DEBUG_INFO = INCLUDE_SOURCE;
				MTL_FAST_MATH = YES;
				ONLY_ACTIVE_ARCH = YES;
				SDKROOT = iphoneos;
				SWIFT_ACTIVE_COMPILATION_CONDITIONS = "DEBUG $(inherited)";
				SWIFT_OPTIMIZATION_LEVEL = "-Onone";
			};
			name = Debug;
		};
		FC27B47E2E6755F20011EED0 /* Release */ = {
			isa = XCBuildConfiguration;
			buildSettings = {
				ALWAYS_SEARCH_USER_PATHS = NO;
				ASSETCATALOG_COMPILER_GENERATE_SWIFT_ASSET_SYMBOL_EXTENSIONS = YES;
				CLANG_ANALYZER_NONNULL = YES;
				CLANG_ANALYZER_NUMBER_OBJECT_CONVERSION = YES_AGGRESSIVE;
				CLANG_CXX_LANGUAGE_STANDARD = "gnu++20";
				CLANG_ENABLE_MODULES = YES;
				CLANG_ENABLE_OBJC_ARC = YES;
				CLANG_ENABLE_OBJC_WEAK = YES;
				CLANG_WARN_BLOCK_CAPTURE_AUTORELEASING = YES;
				CLANG_WARN_BOOL_CONVERSION = YES;
				CLANG_WARN_COMMA = YES;
				CLANG_WARN_CONSTANT_CONVERSION = YES;
				CLANG_WARN_DEPRECATED_OBJC_IMPLEMENTATIONS = YES;
				CLANG_WARN_DIRECT_OBJC_ISA_USAGE = YES_ERROR;
				CLANG_WARN_DOCUMENTATION_COMMENTS = YES;
				CLANG_WARN_EMPTY_BODY = YES;
				CLANG_WARN_ENUM_CONVERSION = YES;
				CLANG_WARN_INFINITE_RECURSION = YES;
				CLANG_WARN_INT_CONVERSION = YES;
				CLANG_WARN_NON_LITERAL_NULL_CONVERSION = YES;
				CLANG_WARN_OBJC_IMPLICIT_RETAIN_SELF = YES;
				CLANG_WARN_OBJC_LITERAL_CONVERSION = YES;
				CLANG_WARN_OBJC_ROOT_CLASS = YES_ERROR;
				CLANG_WARN_QUOTED_INCLUDE_IN_FRAMEWORK_HEADER = YES;
				CLANG_WARN_RANGE_LOOP_ANALYSIS = YES;
				CLANG_WARN_STRICT_PROTOTYPES = YES;
				CLANG_WARN_SUSPICIOUS_MOVE = YES;
				CLANG_WARN_UNGUARDED_AVAILABILITY = YES_AGGRESSIVE;
				CLANG_WARN_UNREACHABLE_CODE = YES;
				CLANG_WARN__DUPLICATE_METHOD_MATCH = YES;
				COPY_PHASE_STRIP = NO;
				DEBUG_INFORMATION_FORMAT = "dwarf-with-dsym";
				ENABLE_NS_ASSERTIONS = NO;
				ENABLE_STRICT_OBJC_MSGSEND = YES;
				ENABLE_USER_SCRIPT_SANDBOXING = YES;
				GCC_C_LANGUAGE_STANDARD = gnu17;
				GCC_NO_COMMON_BLOCKS = YES;
				GCC_WARN_64_TO_32_BIT_CONVERSION = YES;
				GCC_WARN_ABOUT_RETURN_TYPE = YES_ERROR;
				GCC_WARN_UNDECLARED_SELECTOR = YES;
				GCC_WARN_UNINITIALIZED_AUTOS = YES_AGGRESSIVE;
				GCC_WARN_UNUSED_FUNCTION = YES;
				GCC_WARN_UNUSED_VARIABLE = YES;
				IPHONEOS_DEPLOYMENT_TARGET = 17.2;
				LOCALIZATION_PREFERS_STRING_CATALOGS = YES;
				MTL_ENABLE_DEBUG_INFO = NO;
				MTL_FAST_MATH = YES;
				SDKROOT = iphoneos;
				SWIFT_COMPILATION_MODE = wholemodule;
				VALIDATE_PRODUCT = YES;
			};
			name = Release;
		};
		FC27B4802E6755F20011EED0 /* Debug */ = {
			isa = XCBuildConfiguration;
			buildSettings = {
				ASSETCATALOG_COMPILER_APPICON_NAME = AppIcon;
				ASSETCATALOG_COMPILER_GLOBAL_ACCENT_COLOR_NAME = AccentColor;
				CODE_SIGN_STYLE = Automatic;
				CURRENT_PROJECT_VERSION = 1;
				DEVELOPMENT_ASSET_PATHS = "\"MyRide/Preview Content\"";
				ENABLE_PREVIEWS = YES;
				GENERATE_INFOPLIST_FILE = YES;
				INFOPLIST_KEY_UIApplicationSceneManifest_Generation = YES;
				INFOPLIST_KEY_UIApplicationSupportsIndirectInputEvents = YES;
				INFOPLIST_KEY_UILaunchScreen_Generation = YES;
				INFOPLIST_KEY_UISupportedInterfaceOrientations_iPad = "UIInterfaceOrientationPortrait UIInterfaceOrientationPortraitUpsideDown UIInterfaceOrientationLandscapeLeft UIInterfaceOrientationLandscapeRight";
				INFOPLIST_KEY_UISupportedInterfaceOrientations_iPhone = "UIInterfaceOrientationPortrait UIInterfaceOrientationLandscapeLeft UIInterfaceOrientationLandscapeRight";
				LD_RUNPATH_SEARCH_PATHS = (
					"$(inherited)",
					"@executable_path/Frameworks",
				);
				MARKETING_VERSION = 1.0;
				PRODUCT_BUNDLE_IDENTIFIER = com.myride.MyRide;
				PRODUCT_NAME = "$(TARGET_NAME)";
				SWIFT_EMIT_LOC_STRINGS = YES;
				SWIFT_VERSION = 5.0;
				TARGETED_DEVICE_FAMILY = "1,2";
			};
			name = Debug;
		};
		FC27B4812E6755F20011EED0 /* Release */ = {
			isa = XCBuildConfiguration;
			buildSettings = {
				ASSETCATALOG_COMPILER_APPICON_NAME = AppIcon;
				ASSETCATALOG_COMPILER_GLOBAL_ACCENT_COLOR_NAME = AccentColor;
				CODE_SIGN_STYLE = Automatic;
				CURRENT_PROJECT_VERSION = 1;
				DEVELOPMENT_ASSET_PATHS = "\"MyRide/Preview Content\"";
				ENABLE_PREVIEWS = YES;
				GENERATE_INFOPLIST_FILE = YES;
				INFOPLIST_KEY_UIApplicationSceneManifest_Generation = YES;
				INFOPLIST_KEY_UIApplicationSupportsIndirectInputEvents = YES;
				INFOPLIST_KEY_UILaunchScreen_Generation = YES;
				INFOPLIST_KEY_UISupportedInterfaceOrientations_iPad = "UIInterfaceOrientationPortrait UIInterfaceOrientationPortraitUpsideDown UIInterfaceOrientationLandscapeLeft UIInterfaceOrientationLandscapeRight";
				INFOPLIST_KEY_UISupportedInterfaceOrientations_iPhone = "UIInterfaceOrientationPortrait UIInterfaceOrientationLandscapeLeft UIInterfaceOrientationLandscapeRight";
				LD_RUNPATH_SEARCH_PATHS = (
					"$(inherited)",
					"@executable_path/Frameworks",
				);
				MARKETING_VERSION = 1.0;
				PRODUCT_BUNDLE_IDENTIFIER = com.myride.MyRide;
				PRODUCT_NAME = "$(TARGET_NAME)";
				SWIFT_EMIT_LOC_STRINGS = YES;
				SWIFT_VERSION = 5.0;
				TARGETED_DEVICE_FAMILY = "1,2";
			};
			name = Release;
		};
		FC27B4832E6755F20011EED0 /* Debug */ = {
			isa = XCBuildConfiguration;
			buildSettings = {
				ALWAYS_EMBED_SWIFT_STANDARD_LIBRARIES = YES;
				BUNDLE_LOADER = "$(TEST_HOST)";
				CODE_SIGN_STYLE = Automatic;
				CURRENT_PROJECT_VERSION = 1;
				GENERATE_INFOPLIST_FILE = YES;
				IPHONEOS_DEPLOYMENT_TARGET = 17.2;
				MARKETING_VERSION = 1.0;
				PRODUCT_BUNDLE_IDENTIFIER = com.myride.MyRideTests;
				PRODUCT_NAME = "$(TARGET_NAME)";
				SWIFT_EMIT_LOC_STRINGS = NO;
				SWIFT_VERSION = 5.0;
				TARGETED_DEVICE_FAMILY = "1,2";
				TEST_HOST = "$(BUILT_PRODUCTS_DIR)/MyRide.app/$(BUNDLE_EXECUTABLE_FOLDER_PATH)/MyRide";
			};
			name = Debug;
		};
		FC27B4842E6755F20011EED0 /* Release */ = {
			isa = XCBuildConfiguration;
			buildSettings = {
				ALWAYS_EMBED_SWIFT_STANDARD_LIBRARIES = YES;
				BUNDLE_LOADER = "$(TEST_HOST)";
				CODE_SIGN_STYLE = Automatic;
				CURRENT_PROJECT_VERSION = 1;
				GENERATE_INFOPLIST_FILE = YES;
				IPHONEOS_DEPLOYMENT_TARGET = 17.2;
				MARKETING_VERSION = 1.0;
				PRODUCT_BUNDLE_IDENTIFIER = com.myride.MyRideTests;
				PRODUCT_NAME = "$(TARGET_NAME)";
				SWIFT_EMIT_LOC_STRINGS = NO;
				SWIFT_VERSION = 5.0;
				TARGETED_DEVICE_FAMILY = "1,2";
				TEST_HOST = "$(BUILT_PRODUCTS_DIR)/MyRide.app/$(BUNDLE_EXECUTABLE_FOLDER_PATH)/MyRide";
			};
			name = Release;
		};
		FC27B4862E6755F20011EED0 /* Debug */ = {
			isa = XCBuildConfiguration;
			buildSettings = {
				ALWAYS_EMBED_SWIFT_STANDARD_LIBRARIES = YES;
				CODE_SIGN_STYLE = Automatic;
				CURRENT_PROJECT_VERSION = 1;
				GENERATE_INFOPLIST_FILE = YES;
				MARKETING_VERSION = 1.0;
				PRODUCT_BUNDLE_IDENTIFIER = com.myride.MyRideUITests;
				PRODUCT_NAME = "$(TARGET_NAME)";
				SWIFT_EMIT_LOC_STRINGS = NO;
				SWIFT_VERSION = 5.0;
				TARGETED_DEVICE_FAMILY = "1,2";
				TEST_TARGET_NAME = MyRide;
			};
			name = Debug;
		};
		FC27B4872E6755F20011EED0 /* Release */ = {
			isa = XCBuildConfiguration;
			buildSettings = {
				ALWAYS_EMBED_SWIFT_STANDARD_LIBRARIES = YES;
				CODE_SIGN_STYLE = Automatic;
				CURRENT_PROJECT_VERSION = 1;
				GENERATE_INFOPLIST_FILE = YES;
				MARKETING_VERSION = 1.0;
				PRODUCT_BUNDLE_IDENTIFIER = com.myride.MyRideUITests;
				PRODUCT_NAME = "$(TARGET_NAME)";
				SWIFT_EMIT_LOC_STRINGS = NO;
				SWIFT_VERSION = 5.0;
				TARGETED_DEVICE_FAMILY = "1,2";
				TEST_TARGET_NAME = MyRide;
			};
			name = Release;
		};
/* End XCBuildConfiguration section */

/* Begin XCConfigurationList section */
		FC27B4562E6755F10011EED0 /* Build configuration list for PBXProject "MyRide" */ = {
			isa = XCConfigurationList;
			buildConfigurations = (
				FC27B47D2E6755F20011EED0 /* Debug */,
				FC27B47E2E6755F20011EED0 /* Release */,
			);
			defaultConfigurationIsVisible = 0;
			defaultConfigurationName = Release;
		};
		FC27B47F2E6755F20011EED0 /* Build configuration list for PBXNativeTarget "MyRide" */ = {
			isa = XCConfigurationList;
			buildConfigurations = (
				FC27B4802E6755F20011EED0 /* Debug */,
				FC27B4812E6755F20011EED0 /* Release */,
			);
			defaultConfigurationIsVisible = 0;
			defaultConfigurationName = Release;
		};
		FC27B4822E6755F20011EED0 /* Build configuration list for PBXNativeTarget "MyRideTests" */ = {
			isa = XCConfigurationList;
			buildConfigurations = (
				FC27B4832E6755F20011EED0 /* Debug */,
				FC27B4842E6755F20011EED0 /* Release */,
			);
			defaultConfigurationIsVisible = 0;
			defaultConfigurationName = Release;
		};
		FC27B4852E6755F20011EED0 /* Build configuration list for PBXNativeTarget "MyRideUITests" */ = {
			isa = XCConfigurationList;
			buildConfigurations = (
				FC27B4862E6755F20011EED0 /* Debug */,
				FC27B4872E6755F20011EED0 /* Release */,
			);
			defaultConfigurationIsVisible = 0;
			defaultConfigurationName = Release;
		};
/* End XCConfigurationList section */
	};
	rootObject = FC27B4532E6755F10011EED0 /* Project object */;
}
